
Microsoft Visual Studio Solution File, Format Version 12.00
# Visual Studio Version 16
VisualStudioVersion = 16.0.30907.101
MinimumVisualStudioVersion = 10.0.40219.1
Project("{FAE04EC0-301F-11D3-BF4B-00C04F79EFBC}") = "Homework", "Homework\Homework.csproj", "{A9D6B047-EBE1-44BC-8692-3D5AF149D2A0}"
EndProject
Global
	GlobalSection(SolutionConfigurationPlatforms) = preSolution
		Debug|Any CPU = Debug|Any CPU
		Release|Any CPU = Release|Any CPU
	EndGlobalSection
	GlobalSection(ProjectConfigurationPlatforms) = postSolution
		{A9D6B047-EBE1-44BC-8692-3D5AF149D2A0}.Debug|Any CPU.ActiveCfg = Debug|Any CPU
		{A9D6B047-EBE1-44BC-8692-3D5AF149D2A0}.Debug|Any CPU.Build.0 = Debug|Any CPU
		{A9D6B047-EBE1-44BC-8692-3D5AF149D2A0}.Release|Any CPU.ActiveCfg = Release|Any CPU
		{A9D6B047-EBE1-44BC-8692-3D5AF149D2A0}.Release|Any CPU.Build.0 = Release|Any CPU
	EndGlobalSection
	GlobalSection(SolutionProperties) = preSolution
		HideSolutionNode = FALSE
	EndGlobalSection
	GlobalSection(ExtensibilityGlobals) = postSolution
		SolutionGuid = {5DBBA266-3B46-4F75-9910-983BBED5A3BA}
	EndGlobalSection
EndGlobal
